<?xml version="1.0" encoding="utf-8"?>
<Project ToolsVersion="4.0" xmlns="http://schemas.microsoft.com/developer/msbuild/2003">
  <ItemGroup>
    <Filter Include="Source Files">
      <UniqueIdentifier>{4FC737F1-C7A5-4376-A066-2A32D752A2FF}</UniqueIdentifier>
      <Extensions>cpp;c;cc;cxx;c++;cppm;ixx;def;odl;idl;hpj;bat;asm;asmx</Extensions>
    </Filter>
    <Filter Include="Header Files">
      <UniqueIdentifier>{93995380-89BD-4b04-88EB-625FBE52EBFB}</UniqueIdentifier>
      <Extensions>h;hh;hpp;hxx;h++;hm;inl;inc;ipp;xsd</Extensions>
    </Filter>
    <Filter Include="Resource Files">
      <UniqueIdentifier>{67DA6AB6-F800-4c08-8B7A-83BB121AAD01}</UniqueIdentifier>
      <Extensions>rc;ico;cur;bmp;dlg;rc2;rct;bin;rgs;gif;jpg;jpeg;jpe;resx;tiff;tif;png;wav;mfcribbon-ms</Extensions>
    </Filter>
    <Filter Include="Source Files\Hooks">
      <UniqueIdentifier>{4e169f5b-c2a8-47e6-90d0-d0e29e5a76b7}</UniqueIdentifier>
    </Filter>
    <Filter Include="Source Files\Hooks\Hooks_Core">
      <UniqueIdentifier>{76e00ce2-0f5c-4ef2-b7fe-5929caf85363}</UniqueIdentifier>
    </Filter>
    <Filter Include="Source Files\Hooks\Hooks_Main">
      <UniqueIdentifier>{b0822661-2853-42d0-8970-d74c63e17498}</UniqueIdentifier>
    </Filter>
    <Filter Include="Source Files\Hooks\Minhook">
      <UniqueIdentifier>{5d39827c-9826-47df-a8ed-2cfe14543769}</UniqueIdentifier>
    </Filter>
    <Filter Include="Source Files\Hooks\Minhook\hde">
      <UniqueIdentifier>{78aebfc9-ff68-429c-8ae2-a4eb57f3154a}</UniqueIdentifier>
    </Filter>
    <Filter Include="Source Files\Hooks\Kiero">
      <UniqueIdentifier>{e89c0e7e-4f2b-4176-ae15-57dce6c01e49}</UniqueIdentifier>
    </Filter>
    <Filter Include="Source Files\ImGui">
      <UniqueIdentifier>{2361a670-a3d2-4834-aeed-28f776c152f5}</UniqueIdentifier>
    </Filter>
    <Filter Include="Source Files\Menu">
      <UniqueIdentifier>{59904943-d218-4ce5-8154-4568d9ecffb2}</UniqueIdentifier>
    </Filter>
  </ItemGroup>
  <ItemGroup>
    <ClCompile Include="dllmain.cpp">
      <Filter>Source Files</Filter>
    </ClCompile>
    <ClCompile Include="pch.cpp">
      <Filter>Source Files</Filter>
    </ClCompile>
    <ClCompile Include="Hooks\Minhook\hde\hde32.c">
      <Filter>Source Files\Hooks\Minhook\hde</Filter>
    </ClCompile>
    <ClCompile Include="Hooks\Minhook\hde\hde64.c">
      <Filter>Source Files\Hooks\Minhook\hde</Filter>
    </ClCompile>
    <ClCompile Include="Hooks\Minhook\buffer.c">
      <Filter>Source Files\Hooks\Minhook</Filter>
    </ClCompile>
    <ClCompile Include="Hooks\Minhook\hook.c">
      <Filter>Source Files\Hooks\Minhook</Filter>
    </ClCompile>
    <ClCompile Include="Hooks\Minhook\trampoline.c">
      <Filter>Source Files\Hooks\Minhook</Filter>
    </ClCompile>
    <ClCompile Include="Hooks\Kiero\kiero.cpp">
      <Filter>Source Files\Hooks\Kiero</Filter>
    </ClCompile>
    <ClCompile Include="Hooks\Hooks_Core\Hook_Present.cpp">
      <Filter>Source Files\Hooks\Hooks_Core</Filter>
    </ClCompile>
    <ClCompile Include="Hooks\Hooks_Core\Hooks_Present.cpp">
      <Filter>Source Files</Filter>
    </ClCompile>
    <ClCompile Include="ImGui\imgui.cpp">
      <Filter>Source Files\ImGui</Filter>
    </ClCompile>
    <ClCompile Include="ImGui\imgui_demo.cpp">
      <Filter>Source Files\ImGui</Filter>
    </ClCompile>
    <ClCompile Include="ImGui\imgui_draw.cpp">
      <Filter>Source Files\ImGui</Filter>
    </ClCompile>
    <ClCompile Include="ImGui\imgui_impl_dx11.cpp">
      <Filter>Source Files\ImGui</Filter>
    </ClCompile>
    <ClCompile Include="ImGui\imgui_impl_win32.cpp">
      <Filter>Source Files\ImGui</Filter>
    </ClCompile>
    <ClCompile Include="ImGui\imgui_tables.cpp">
      <Filter>Source Files\ImGui</Filter>
    </ClCompile>
    <ClCompile Include="ImGui\imgui_widgets.cpp">
      <Filter>Source Files\ImGui</Filter>
    </ClCompile>
    <ClCompile Include="Menu\Menu.cpp">
      <Filter>Source Files\Menu</Filter>
    </ClCompile>
  </ItemGroup>
  <ItemGroup>
    <ClInclude Include="Hooks\Minhook\hde\hde32.h">
      <Filter>Source Files\Hooks\Minhook\hde</Filter>
    </ClInclude>
    <ClInclude Include="Hooks\Minhook\hde\hde64.h">
      <Filter>Source Files\Hooks\Minhook\hde</Filter>
    </ClInclude>
    <ClInclude Include="Hooks\Minhook\hde\pstdint.h">
      <Filter>Source Files\Hooks\Minhook\hde</Filter>
    </ClInclude>
    <ClInclude Include="Hooks\Minhook\hde\table32.h">
      <Filter>Source Files\Hooks\Minhook\hde</Filter>
    </ClInclude>
    <ClInclude Include="Hooks\Minhook\hde\table64.h">
      <Filter>Source Files\Hooks\Minhook\hde</Filter>
    </ClInclude>
    <ClInclude Include="Hooks\Minhook\buffer.h">
      <Filter>Source Files\Hooks\Minhook</Filter>
    </ClInclude>
    <ClInclude Include="Hooks\Minhook\MinHook.h">
      <Filter>Source Files\Hooks\Minhook</Filter>
    </ClInclude>
    <ClInclude Include="Hooks\Minhook\trampoline.h">
      <Filter>Source Files\Hooks\Minhook</Filter>
    </ClInclude>
    <ClInclude Include="Hooks\Kiero\kiero.h">
      <Filter>Source Files\Hooks\Kiero</Filter>
    </ClInclude>
    <ClInclude Include="Hooks\Hooks_Core\Hooks_Present.h">
      <Filter>Source Files\Hooks\Hooks_Core</Filter>
    </ClInclude>
    <ClInclude Include="ImGui\imconfig.h">
      <Filter>Source Files\ImGui</Filter>
    </ClInclude>
    <ClInclude Include="ImGui\imgui.h">
      <Filter>Source Files\ImGui</Filter>
    </ClInclude>
    <ClInclude Include="ImGui\imgui_impl_dx11.h">
      <Filter>Source Files\ImGui</Filter>
    </ClInclude>
    <ClInclude Include="ImGui\imgui_impl_win32.h">
      <Filter>Source Files\ImGui</Filter>
    </ClInclude>
    <ClInclude Include="ImGui\imgui_internal.h">
      <Filter>Source Files\ImGui</Filter>
    </ClInclude>
    <ClInclude Include="ImGui\imstb_rectpack.h">
      <Filter>Source Files\ImGui</Filter>
    </ClInclude>
    <ClInclude Include="ImGui\imstb_textedit.h">
      <Filter>Source Files\ImGui</Filter>
    </ClInclude>
    <ClInclude Include="ImGui\imstb_truetype.h">
      <Filter>Source Files\ImGui</Filter>
    </ClInclude>
    <ClInclude Include="Menu\Menu.h">
      <Filter>Source Files\Menu</Filter>
    </ClInclude>
  </ItemGroup>
  <ItemGroup>
    <None Include="Hooks\Minhook\MinHook.def">
      <Filter>Source Files\Hooks\Minhook</Filter>
    </None>
  </ItemGroup>
  <ItemGroup>
    <ResourceCompile Include="Hooks\Minhook\MinHook.rc">
      <Filter>Source Files\Hooks\Minhook</Filter>
    </ResourceCompile>
  </ItemGroup>
</Project>