
Microsoft Visual Studio Solution File, Format Version 12.00
# Visual Studio Version 17
VisualStudioVersion = 17.7.34202.233
MinimumVisualStudioVersion = 10.0.40219.1
Project("{FAE04EC0-301F-11D3-BF4B-00C04F79EFBC}") = "alura_CSharp1", "alura_CSharp1.csproj", "{73703B2F-AC27-4922-8EB1-D2F53A29A0FD}"
EndProject
Global
	GlobalSection(SolutionConfigurationPlatforms) = preSolution
		Debug|Any CPU = Debug|Any CPU
		Release|Any CPU = Release|Any CPU
	EndGlobalSection
	GlobalSection(ProjectConfigurationPlatforms) = postSolution
		{73703B2F-AC27-4922-8EB1-D2F53A29A0FD}.Debug|Any CPU.ActiveCfg = Debug|Any CPU
		{73703B2F-AC27-4922-8EB1-D2F53A29A0FD}.Debug|Any CPU.Build.0 = Debug|Any CPU
		{73703B2F-AC27-4922-8EB1-D2F53A29A0FD}.Release|Any CPU.ActiveCfg = Release|Any CPU
		{73703B2F-AC27-4922-8EB1-D2F53A29A0FD}.Release|Any CPU.Build.0 = Release|Any CPU
	EndGlobalSection
	GlobalSection(SolutionProperties) = preSolution
		HideSolutionNode = FALSE
	EndGlobalSection
	GlobalSection(ExtensibilityGlobals) = postSolution
		SolutionGuid = {A4B8C373-A524-43EC-9504-5D4B40FE78F5}
	EndGlobalSection
EndGlobal
